{
  "projects": [
    {
      "projectId": "iwQuL9Pc6FfJXBDaZxjmvn",
      "version": "latest",
      "dependencies": {},
      "lang": "ts",
      "fileLocks": [
        {
          "type": "globalVariant",
          "assetId": "yElqJJUtoS_D",
          "checksum": "74878f211d9cdf8a63b36cb8da5eb3a5"
        },
        {
          "type": "renderModule",
          "assetId": "VERxYwHjPJ6k",
          "checksum": "bba801fb25166269caf7d8ea07d36cd4"
        },
        {
          "type": "cssRules",
          "assetId": "VERxYwHjPJ6k",
          "checksum": "bba801fb25166269caf7d8ea07d36cd4"
        },
        {
          "assetId": "iwQuL9Pc6FfJXBDaZxjmvn",
          "type": "projectCss",
          "checksum": "11290f9e8b6ab9c572fc9b97cb36a690"
        }
      ],
      "codegenVersion": "0.0.1"
    }
  ],
  "cliVersion": "0.1.330"
}
